// !$*UTF8*$!
{
	archiveVersion = 1;
	classes = {
	};
	objectVersion = 46;
	objects = {

/* Begin PBXBuildFile section */
		5789CC6B19647FDE0084BA6B /* Foundation.framework in Frameworks */ = {isa = PBXBuildFile; fileRef = 5789CC6A19647FDE0084BA6B /* Foundation.framework */; };
		5789CC6D19647FDE0084BA6B /* CoreGraphics.framework in Frameworks */ = {isa = PBXBuildFile; fileRef = 5789CC6C19647FDE0084BA6B /* CoreGraphics.framework */; };
		5789CC6F19647FDE0084BA6B /* UIKit.framework in Frameworks */ = {isa = PBXBuildFile; fileRef = 5789CC6E19647FDE0084BA6B /* UIKit.framework */; };
		5789CC7519647FDE0084BA6B /* InfoPlist.strings in Resources */ = {isa = PBXBuildFile; fileRef = 5789CC7319647FDE0084BA6B /* InfoPlist.strings */; };
		5789CC7719647FDE0084BA6B /* main.m in Sources */ = {isa = PBXBuildFile; fileRef = 5789CC7619647FDE0084BA6B /* main.m */; };
		5789CC7B19647FDE0084BA6B /* WBAppDelegate.m in Sources */ = {isa = PBXBuildFile; fileRef = 5789CC7A19647FDE0084BA6B /* WBAppDelegate.m */; };
		5789CC7D19647FDE0084BA6B /* Images.xcassets in Resources */ = {isa = PBXBuildFile; fileRef = 5789CC7C19647FDE0084BA6B /* Images.xcassets */; };
		5789CC8419647FDE0084BA6B /* XCTest.framework in Frameworks */ = {isa = PBXBuildFile; fileRef = 5789CC8319647FDE0084BA6B /* XCTest.framework */; };
		5789CC8519647FDE0084BA6B /* Foundation.framework in Frameworks */ = {isa = PBXBuildFile; fileRef = 5789CC6A19647FDE0084BA6B /* Foundation.framework */; };
		5789CC8619647FDE0084BA6B /* UIKit.framework in Frameworks */ = {isa = PBXBuildFile; fileRef = 5789CC6E19647FDE0084BA6B /* UIKit.framework */; };
		5789CC8E19647FDE0084BA6B /* InfoPlist.strings in Resources */ = {isa = PBXBuildFile; fileRef = 5789CC8C19647FDE0084BA6B /* InfoPlist.strings */; };
		5789CC9019647FDE0084BA6B /* StartTests.m in Sources */ = {isa = PBXBuildFile; fileRef = 5789CC8F19647FDE0084BA6B /* StartTests.m */; };
/* End PBXBuildFile section */

/* Begin PBXContainerItemProxy section */
		5789CC8719647FDE0084BA6B /* PBXContainerItemProxy */ = {
			isa = PBXContainerItemProxy;
			containerPortal = 5789CC5F19647FDE0084BA6B /* Project object */;
			proxyType = 1;
			remoteGlobalIDString = 5789CC6619647FDE0084BA6B;
			remoteInfo = Start;
		};
/* End PBXContainerItemProxy section */

/* Begin PBXFileReference section */
		5789CC6719647FDE0084BA6B /* Start.app */ = {isa = PBXFileReference; explicitFileType = wrapper.application; includeInIndex = 0; path = Start.app; sourceTree = BUILT_PRODUCTS_DIR; };
		5789CC6A19647FDE0084BA6B /* Foundation.framework */ = {isa = PBXFileReference; lastKnownFileType = wrapper.framework; name = Foundation.framework; path = System/Library/Frameworks/Foundation.framework; sourceTree = SDKROOT; };
		5789CC6C19647FDE0084BA6B /* CoreGraphics.framework */ = {isa = PBXFileReference; lastKnownFileType = wrapper.framework; name = CoreGraphics.framework; path = System/Library/Frameworks/CoreGraphics.framework; sourceTree = SDKROOT; };
		5789CC6E19647FDE0084BA6B /* UIKit.framework */ = {isa = PBXFileReference; lastKnownFileType = wrapper.framework; name = UIKit.framework; path = System/Library/Frameworks/UIKit.framework; sourceTree = SDKROOT; };
		5789CC7219647FDE0084BA6B /* Start-Info.plist */ = {isa = PBXFileReference; lastKnownFileType = text.plist.xml; path = "Start-Info.plist"; sourceTree = "<group>"; };
		5789CC7419647FDE0084BA6B /* en */ = {isa = PBXFileReference; lastKnownFileType = text.plist.strings; name = en; path = en.lproj/InfoPlist.strings; sourceTree = "<group>"; };
		5789CC7619647FDE0084BA6B /* main.m */ = {isa = PBXFileReference; lastKnownFileType = sourcecode.c.objc; path = main.m; sourceTree = "<group>"; };
		5789CC7819647FDE0084BA6B /* Start-Prefix.pch */ = {isa = PBXFileReference; lastKnownFileType = sourcecode.c.h; path = "Start-Prefix.pch"; sourceTree = "<group>"; };
		5789CC7919647FDE0084BA6B /* WBAppDelegate.h */ = {isa = PBXFileReference; lastKnownFileType = sourcecode.c.h; path = WBAppDelegate.h; sourceTree = "<group>"; };
		5789CC7A19647FDE0084BA6B /* WBAppDelegate.m */ = {isa = PBXFileReference; lastKnownFileType = sourcecode.c.objc; path = WBAppDelegate.m; sourceTree = "<group>"; };
		5789CC7C19647FDE0084BA6B /* Images.xcassets */ = {isa = PBXFileReference; lastKnownFileType = folder.assetcatalog; path = Images.xcassets; sourceTree = "<group>"; };
		5789CC8219647FDE0084BA6B /* StartTests.xctest */ = {isa = PBXFileReference; explicitFileType = wrapper.cfbundle; includeInIndex = 0; path = StartTests.xctest; sourceTree = BUILT_PRODUCTS_DIR; };
		5789CC8319647FDE0084BA6B /* XCTest.framework */ = {isa = PBXFileReference; lastKnownFileType = wrapper.framework; name = XCTest.framework; path = Library/Frameworks/XCTest.framework; sourceTree = DEVELOPER_DIR; };
		5789CC8B19647FDE0084BA6B /* StartTests-Info.plist */ = {isa = PBXFileReference; lastKnownFileType = text.plist.xml; path = "StartTests-Info.plist"; sourceTree = "<group>"; };
		5789CC8D19647FDE0084BA6B /* en */ = {isa = PBXFileReference; lastKnownFileType = text.plist.strings; name = en; path = en.lproj/InfoPlist.strings; sourceTree = "<group>"; };
		5789CC8F19647FDE0084BA6B /* StartTests.m */ = {isa = PBXFileReference; lastKnownFileType = sourcecode.c.objc; path = StartTests.m; sourceTree = "<group>"; };
/* End PBXFileReference section */

/* Begin PBXFrameworksBuildPhase section */
		5789CC6419647FDE0084BA6B /* Frameworks */ = {
			isa = PBXFrameworksBuildPhase;
			buildActionMask = 2147483647;
			files = (
				5789CC6D19647FDE0084BA6B /* CoreGraphics.framework in Frameworks */,
				5789CC6F19647FDE0084BA6B /* UIKit.framework in Frameworks */,
				5789CC6B19647FDE0084BA6B /* Foundation.framework in Frameworks */,
			);
			runOnlyForDeploymentPostprocessing = 0;
		};
		5789CC7F19647FDE0084BA6B /* Frameworks */ = {
			isa = PBXFrameworksBuildPhase;
			buildActionMask = 2147483647;
			files = (
				5789CC8419647FDE0084BA6B /* XCTest.framework in Frameworks */,
				5789CC8619647FDE0084BA6B /* UIKit.framework in Frameworks */,
				5789CC8519647FDE0084BA6B /* Foundation.framework in Frameworks */,
			);
			runOnlyForDeploymentPostprocessing = 0;
		};
/* End PBXFrameworksBuildPhase section */

/* Begin PBXGroup section */
		5789CC5E19647FDE0084BA6B = {
			isa = PBXGroup;
			children = (
				5789CC7019647FDE0084BA6B /* Start */,
				5789CC8919647FDE0084BA6B /* StartTests */,
				5789CC6919647FDE0084BA6B /* Frameworks */,
				5789CC6819647FDE0084BA6B /* Products */,
			);
			sourceTree = "<group>";
		};
		5789CC6819647FDE0084BA6B /* Products */ = {
			isa = PBXGroup;
			children = (
				5789CC6719647FDE0084BA6B /* Start.app */,
				5789CC8219647FDE0084BA6B /* StartTests.xctest */,
			);
			name = Products;
			sourceTree = "<group>";
		};
		5789CC6919647FDE0084BA6B /* Frameworks */ = {
			isa = PBXGroup;
			children = (
				5789CC6A19647FDE0084BA6B /* Foundation.framework */,
				5789CC6C19647FDE0084BA6B /* CoreGraphics.framework */,
				5789CC6E19647FDE0084BA6B /* UIKit.framework */,
				5789CC8319647FDE0084BA6B /* XCTest.framework */,
			);
			name = Frameworks;
			sourceTree = "<group>";
		};
		5789CC7019647FDE0084BA6B /* Start */ = {
			isa = PBXGroup;
			children = (
				5789CC7919647FDE0084BA6B /* WBAppDelegate.h */,
				5789CC7A19647FDE0084BA6B /* WBAppDelegate.m */,
				5789CC7C19647FDE0084BA6B /* Images.xcassets */,
				5789CC7119647FDE0084BA6B /* Supporting Files */,
			);
			path = Start;
			sourceTree = "<group>";
		};
		5789CC7119647FDE0084BA6B /* Supporting Files */ = {
			isa = PBXGroup;
			children = (
				5789CC7219647FDE0084BA6B /* Start-Info.plist */,
				5789CC7319647FDE0084BA6B /* InfoPlist.strings */,
				5789CC7619647FDE0084BA6B /* main.m */,
				5789CC7819647FDE0084BA6B /* Start-Prefix.pch */,
			);
			name = "Supporting Files";
			sourceTree = "<group>";
		};
		5789CC8919647FDE0084BA6B /* StartTests */ = {
			isa = PBXGroup;
			children = (
				5789CC8F19647FDE0084BA6B /* StartTests.m */,
				5789CC8A19647FDE0084BA6B /* Supporting Files */,
			);
			path = StartTests;
			sourceTree = "<group>";
		};
		5789CC8A19647FDE0084BA6B /* Supporting Files */ = {
			isa = PBXGroup;
			children = (
				5789CC8B19647FDE0084BA6B /* StartTests-Info.plist */,
				5789CC8C19647FDE0084BA6B /* InfoPlist.strings */,
			);
			name = "Supporting Files";
			sourceTree = "<group>";
		};
/* End PBXGroup section */

/* Begin PBXNativeTarget section */
		5789CC6619647FDE0084BA6B /* Start */ = {
			isa = PBXNativeTarget;
			buildConfigurationList = 5789CC9319647FDE0084BA6B /* Build configuration list for PBXNativeTarget "Start" */;
			buildPhases = (
				5789CC6319647FDE0084BA6B /* Sources */,
				5789CC6419647FDE0084BA6B /* Frameworks */,
				5789CC6519647FDE0084BA6B /* Resources */,
			);
			buildRules = (
			);
			dependencies = (
			);
			name = Start;
			productName = Start;
			productReference = 5789CC6719647FDE0084BA6B /* Start.app */;
			productType = "com.apple.product-type.application";
		};
		5789CC8119647FDE0084BA6B /* StartTests */ = {
			isa = PBXNativeTarget;
			buildConfigurationList = 5789CC9619647FDE0084BA6B /* Build configuration list for PBXNativeTarget "StartTests" */;
			buildPhases = (
				5789CC7E19647FDE0084BA6B /* Sources */,
				5789CC7F19647FDE0084BA6B /* Frameworks */,
				5789CC8019647FDE0084BA6B /* Resources */,
			);
			buildRules = (
			);
			dependencies = (
				5789CC8819647FDE0084BA6B /* PBXTargetDependency */,
			);
			name = StartTests;
			productName = StartTests;
			productReference = 5789CC8219647FDE0084BA6B /* StartTests.xctest */;
			productType = "com.apple.product-type.bundle.unit-test";
		};
/* End PBXNativeTarget section */

/* Begin PBXProject section */
		5789CC5F19647FDE0084BA6B /* Project object */ = {
			isa = PBXProject;
			attributes = {
				CLASSPREFIX = WB;
				LastUpgradeCheck = 0510;
				ORGANIZATIONNAME = "Tara Cates";
				TargetAttributes = {
					5789CC8119647FDE0084BA6B = {
						TestTargetID = 5789CC6619647FDE0084BA6B;
					};
				};
			};
			buildConfigurationList = 5789CC6219647FDE0084BA6B /* Build configuration list for PBXProject "Start" */;
			compatibilityVersion = "Xcode 3.2";
			developmentRegion = English;
			hasScannedForEncodings = 0;
			knownRegions = (
				en,
			);
			mainGroup = 5789CC5E19647FDE0084BA6B;
			productRefGroup = 5789CC6819647FDE0084BA6B /* Products */;
			projectDirPath = "";
			projectRoot = "";
			targets = (
				5789CC6619647FDE0084BA6B /* Start */,
				5789CC8119647FDE0084BA6B /* StartTests */,
			);
		};
/* End PBXProject section */

/* Begin PBXResourcesBuildPhase section */
		5789CC6519647FDE0084BA6B /* Resources */ = {
			isa = PBXResourcesBuildPhase;
			buildActionMask = 2147483647;
			files = (
				5789CC7519647FDE0084BA6B /* InfoPlist.strings in Resources */,
				5789CC7D19647FDE0084BA6B /* Images.xcassets in Resources */,
			);
			runOnlyForDeploymentPostprocessing = 0;
		};
		5789CC8019647FDE0084BA6B /* Resources */ = {
			isa = PBXResourcesBuildPhase;
			buildActionMask = 2147483647;
			files = (
				5789CC8E19647FDE0084BA6B /* InfoPlist.strings in Resources */,
			);
			runOnlyForDeploymentPostprocessing = 0;
		};
/* End PBXResourcesBuildPhase section */

/* Begin PBXSourcesBuildPhase section */
		5789CC6319647FDE0084BA6B /* Sources */ = {
			isa = PBXSourcesBuildPhase;
			buildActionMask = 2147483647;
			files = (
				5789CC7719647FDE0084BA6B /* main.m in Sources */,
				5789CC7B19647FDE0084BA6B /* WBAppDelegate.m in Sources */,
			);
			runOnlyForDeploymentPostprocessing = 0;
		};
		5789CC7E19647FDE0084BA6B /* Sources */ = {
			isa = PBXSourcesBuildPhase;
			buildActionMask = 2147483647;
			files = (
				5789CC9019647FDE0084BA6B /* StartTests.m in Sources */,
			);
			runOnlyForDeploymentPostprocessing = 0;
		};
/* End PBXSourcesBuildPhase section */

/* Begin PBXTargetDependency section */
		5789CC8819647FDE0084BA6B /* PBXTargetDependency */ = {
			isa = PBXTargetDependency;
			target = 5789CC6619647FDE0084BA6B /* Start */;
			targetProxy = 5789CC8719647FDE0084BA6B /* PBXContainerItemProxy */;
		};
/* End PBXTargetDependency section */

/* Begin PBXVariantGroup section */
		5789CC7319647FDE0084BA6B /* InfoPlist.strings */ = {
			isa = PBXVariantGroup;
			children = (
				5789CC7419647FDE0084BA6B /* en */,
			);
			name = InfoPlist.strings;
			sourceTree = "<group>";
		};
		5789CC8C19647FDE0084BA6B /* InfoPlist.strings */ = {
			isa = PBXVariantGroup;
			children = (
				5789CC8D19647FDE0084BA6B /* en */,
			);
			name = InfoPlist.strings;
			sourceTree = "<group>";
		};
/* End PBXVariantGroup section */

/* Begin XCBuildConfiguration section */
		5789CC9119647FDE0084BA6B /* Debug */ = {
			isa = XCBuildConfiguration;
			buildSettings = {
				ALWAYS_SEARCH_USER_PATHS = NO;
				CLANG_CXX_LANGUAGE_STANDARD = "gnu++0x";
				CLANG_CXX_LIBRARY = "libc++";
				CLANG_ENABLE_MODULES = YES;
				CLANG_ENABLE_OBJC_ARC = YES;
				CLANG_WARN_BOOL_CONVERSION = YES;
				CLANG_WARN_CONSTANT_CONVERSION = YES;
				CLANG_WARN_DIRECT_OBJC_ISA_USAGE = YES_ERROR;
				CLANG_WARN_EMPTY_BODY = YES;
				CLANG_WARN_ENUM_CONVERSION = YES;
				CLANG_WARN_INT_CONVERSION = YES;
				CLANG_WARN_OBJC_ROOT_CLASS = YES_ERROR;
				CLANG_WARN__DUPLICATE_METHOD_MATCH = YES;
				"CODE_SIGN_IDENTITY[sdk=iphoneos*]" = "iPhone Developer";
				COPY_PHASE_STRIP = NO;
				GCC_C_LANGUAGE_STANDARD = gnu99;
				GCC_DYNAMIC_NO_PIC = NO;
				GCC_OPTIMIZATION_LEVEL = 0;
				GCC_PREPROCESSOR_DEFINITIONS = (
					"DEBUG=1",
					"$(inherited)",
				);
				GCC_SYMBOLS_PRIVATE_EXTERN = NO;
				GCC_WARN_64_TO_32_BIT_CONVERSION = YES;
				GCC_WARN_ABOUT_RETURN_TYPE = YES_ERROR;
				GCC_WARN_UNDECLARED_SELECTOR = YES;
				GCC_WARN_UNINITIALIZED_AUTOS = YES_AGGRESSIVE;
				GCC_WARN_UNUSED_FUNCTION = YES;
				GCC_WARN_UNUSED_VARIABLE = YES;
				IPHONEOS_DEPLOYMENT_TARGET = 7.1;
				ONLY_ACTIVE_ARCH = YES;
				SDKROOT = iphoneos;
				TARGETED_DEVICE_FAMILY = "1,2";
			};
			name = Debug;
		};
		5789CC9219647FDE0084BA6B /* Release */ = {
			isa = XCBuildConfiguration;
			buildSettings = {
				ALWAYS_SEARCH_USER_PATHS = NO;
				CLANG_CXX_LANGUAGE_STANDARD = "gnu++0x";
				CLANG_CXX_LIBRARY = "libc++";
				CLANG_ENABLE_MODULES = YES;
				CLANG_ENABLE_OBJC_ARC = YES;
				CLANG_WARN_BOOL_CONVERSION = YES;
				CLANG_WARN_CONSTANT_CONVERSION = YES;
				CLANG_WARN_DIRECT_OBJC_ISA_USAGE = YES_ERROR;
				CLANG_WARN_EMPTY_BODY = YES;
				CLANG_WARN_ENUM_CONVERSION = YES;
				CLANG_WARN_INT_CONVERSION = YES;
				CLANG_WARN_OBJC_ROOT_CLASS = YES_ERROR;
				CLANG_WARN__DUPLICATE_METHOD_MATCH = YES;
				"CODE_SIGN_IDENTITY[sdk=iphoneos*]" = "iPhone Developer";
				COPY_PHASE_STRIP = YES;
				ENABLE_NS_ASSERTIONS = NO;
				GCC_C_LANGUAGE_STANDARD = gnu99;
				GCC_WARN_64_TO_32_BIT_CONVERSION = YES;
				GCC_WARN_ABOUT_RETURN_TYPE = YES_ERROR;
				GCC_WARN_UNDECLARED_SELECTOR = YES;
				GCC_WARN_UNINITIALIZED_AUTOS = YES_AGGRESSIVE;
				GCC_WARN_UNUSED_FUNCTION = YES;
				GCC_WARN_UNUSED_VARIABLE = YES;
				IPHONEOS_DEPLOYMENT_TARGET = 7.1;
				SDKROOT = iphoneos;
				TARGETED_DEVICE_FAMILY = "1,2";
				VALIDATE_PRODUCT = YES;
			};
			name = Release;
		};
		5789CC9419647FDE0084BA6B /* Debug */ = {
			isa = XCBuildConfiguration;
			buildSettings = {
				ASSETCATALOG_COMPILER_APPICON_NAME = AppIcon;
				ASSETCATALOG_COMPILER_LAUNCHIMAGE_NAME = LaunchImage;
				GCC_PRECOMPILE_PREFIX_HEADER = YES;
				GCC_PREFIX_HEADER = "Start/Start-Prefix.pch";
				INFOPLIST_FILE = "Start/Start-Info.plist";
				PRODUCT_NAME = "$(TARGET_NAME)";
				WRAPPER_EXTENSION = app;
			};
			name = Debug;
		};
		5789CC9519647FDE0084BA6B /* Release */ = {
			isa = XCBuildConfiguration;
			buildSettings = {
				ASSETCATALOG_COMPILER_APPICON_NAME = AppIcon;
				ASSETCATALOG_COMPILER_LAUNCHIMAGE_NAME = LaunchImage;
				GCC_PRECOMPILE_PREFIX_HEADER = YES;
				GCC_PREFIX_HEADER = "Start/Start-Prefix.pch";
				INFOPLIST_FILE = "Start/Start-Info.plist";
				PRODUCT_NAME = "$(TARGET_NAME)";
				WRAPPER_EXTENSION = app;
			};
			name = Release;
		};
		5789CC9719647FDE0084BA6B /* Debug */ = {
			isa = XCBuildConfiguration;
			buildSettings = {
				BUNDLE_LOADER = "$(BUILT_PRODUCTS_DIR)/Start.app/Start";
				FRAMEWORK_SEARCH_PATHS = (
					"$(SDKROOT)/Developer/Library/Frameworks",
					"$(inherited)",
					"$(DEVELOPER_FRAMEWORKS_DIR)",
				);
				GCC_PRECOMPILE_PREFIX_HEADER = YES;
				GCC_PREFIX_HEADER = "Start/Start-Prefix.pch";
				GCC_PREPROCESSOR_DEFINITIONS = (
					"DEBUG=1",
					"$(inherited)",
				);
				INFOPLIST_FILE = "StartTests/StartTests-Info.plist";
				PRODUCT_NAME = "$(TARGET_NAME)";
				TEST_HOST = "$(BUNDLE_LOADER)";
				WRAPPER_EXTENSION = xctest;
			};
			name = Debug;
		};
		5789CC9819647FDE0084BA6B /* Release */ = {
			isa = XCBuildConfiguration;
			buildSettings = {
				BUNDLE_LOADER = "$(BUILT_PRODUCTS_DIR)/Start.app/Start";
				FRAMEWORK_SEARCH_PATHS = (
					"$(SDKROOT)/Developer/Library/Frameworks",
					"$(inherited)",
					"$(DEVELOPER_FRAMEWORKS_DIR)",
				);
				GCC_PRECOMPILE_PREFIX_HEADER = YES;
				GCC_PREFIX_HEADER = "Start/Start-Prefix.pch";
				INFOPLIST_FILE = "StartTests/StartTests-Info.plist";
				PRODUCT_NAME = "$(TARGET_NAME)";
				TEST_HOST = "$(BUNDLE_LOADER)";
				WRAPPER_EXTENSION = xctest;
			};
			name = Release;
		};
/* End XCBuildConfiguration section */

/* Begin XCConfigurationList section */
		5789CC6219647FDE0084BA6B /* Build configuration list for PBXProject "Start" */ = {
			isa = XCConfigurationList;
			buildConfigurations = (
				5789CC9119647FDE0084BA6B /* Debug */,
				5789CC9219647FDE0084BA6B /* Release */,
			);
			defaultConfigurationIsVisible = 0;
			defaultConfigurationName = Release;
		};
		5789CC9319647FDE0084BA6B /* Build configuration list for PBXNativeTarget "Start" */ = {
			isa = XCConfigurationList;
			buildConfigurations = (
				5789CC9419647FDE0084BA6B /* Debug */,
				5789CC9519647FDE0084BA6B /* Release */,
			);
			defaultConfigurationIsVisible = 0;
		};
		5789CC9619647FDE0084BA6B /* Build configuration list for PBXNativeTarget "StartTests" */ = {
			isa = XCConfigurationList;
			buildConfigurations = (
				5789CC9719647FDE0084BA6B /* Debug */,
				5789CC9819647FDE0084BA6B /* Release */,
			);
			defaultConfigurationIsVisible = 0;
		};
/* End XCConfigurationList section */
	};
	rootObject = 5789CC5F19647FDE0084BA6B /* Project object */;
}
